
Microsoft Visual Studio Solution File, Format Version 12.00
# Visual Studio Version 17
VisualStudioVersion = 17.10.35122.118
MinimumVisualStudioVersion = 10.0.40219.1
Project("{FAE04EC0-301F-11D3-BF4B-00C04F79EFBC}") = "Antivirus", "PacketsSniffer\Antivirus.csproj", "{9E05617C-70C8-4523-95AD-23F6A42EF197}"
EndProject
Project("{54435603-DBB4-11D2-8724-00A0C9A8B90C}") = "Antivirus-setup", "Antivirus-setup\Antivirus-setup.vdproj", "{3A516C82-05D3-428E-A0B2-1837CBE5D3C2}"
EndProject
Global
	GlobalSection(SolutionConfigurationPlatforms) = preSolution
		Debug|Any CPU = Debug|Any CPU
		Release|Any CPU = Release|Any CPU
	EndGlobalSection
	GlobalSection(ProjectConfigurationPlatforms) = postSolution
		{9E05617C-70C8-4523-95AD-23F6A42EF197}.Debug|Any CPU.ActiveCfg = Debug|Any CPU
		{9E05617C-70C8-4523-95AD-23F6A42EF197}.Debug|Any CPU.Build.0 = Debug|Any CPU
		{9E05617C-70C8-4523-95AD-23F6A42EF197}.Release|Any CPU.ActiveCfg = Release|Any CPU
		{9E05617C-70C8-4523-95AD-23F6A42EF197}.Release|Any CPU.Build.0 = Release|Any CPU
		{3A516C82-05D3-428E-A0B2-1837CBE5D3C2}.Debug|Any CPU.ActiveCfg = Debug
		{3A516C82-05D3-428E-A0B2-1837CBE5D3C2}.Release|Any CPU.ActiveCfg = Release
	EndGlobalSection
	GlobalSection(SolutionProperties) = preSolution
		HideSolutionNode = FALSE
	EndGlobalSection
	GlobalSection(ExtensibilityGlobals) = postSolution
		SolutionGuid = {200BBCA3-6350-4682-88F0-92084B578653}
	EndGlobalSection
EndGlobal
